
Microsoft Visual Studio Solution File, Format Version 12.00
# Visual Studio Version 17
VisualStudioVersion = 17.10.35027.167
MinimumVisualStudioVersion = 10.0.40219.1
Project("{9A19103F-16F7-4668-BE54-9A1E7A4F7556}") = "SampleAPI", "SampleAPI\SampleAPI.csproj", "{4988EB65-410F-48A0-9D89-4579B522D61A}"
EndProject
Project("{FAE04EC0-301F-11D3-BF4B-00C04F79EFBC}") = "SampleDataTool", "SampleDataTool\SampleDataTool.csproj", "{00220585-256D-4869-9C9B-0F1F750135BD}"
EndProject
Global
	GlobalSection(SolutionConfigurationPlatforms) = preSolution
		Debug|Any CPU = Debug|Any CPU
		Release|Any CPU = Release|Any CPU
	EndGlobalSection
	GlobalSection(ProjectConfigurationPlatforms) = postSolution
		{4988EB65-410F-48A0-9D89-4579B522D61A}.Debug|Any CPU.ActiveCfg = Debug|Any CPU
		{4988EB65-410F-48A0-9D89-4579B522D61A}.Debug|Any CPU.Build.0 = Debug|Any CPU
		{4988EB65-410F-48A0-9D89-4579B522D61A}.Release|Any CPU.ActiveCfg = Release|Any CPU
		{4988EB65-410F-48A0-9D89-4579B522D61A}.Release|Any CPU.Build.0 = Release|Any CPU
		{00220585-256D-4869-9C9B-0F1F750135BD}.Debug|Any CPU.ActiveCfg = Debug|Any CPU
		{00220585-256D-4869-9C9B-0F1F750135BD}.Debug|Any CPU.Build.0 = Debug|Any CPU
		{00220585-256D-4869-9C9B-0F1F750135BD}.Release|Any CPU.ActiveCfg = Release|Any CPU
		{00220585-256D-4869-9C9B-0F1F750135BD}.Release|Any CPU.Build.0 = Release|Any CPU
	EndGlobalSection
	GlobalSection(SolutionProperties) = preSolution
		HideSolutionNode = FALSE
	EndGlobalSection
	GlobalSection(ExtensibilityGlobals) = postSolution
		SolutionGuid = {15BA4C20-CD69-4249-A69F-6536562837FC}
	EndGlobalSection
EndGlobal
